
Microsoft Visual Studio Solution File, Format Version 12.00
# Visual Studio Version 17
VisualStudioVersion = 17.2.32526.322
MinimumVisualStudioVersion = 10.0.40219.1
Project("{9A19103F-16F7-4668-BE54-9A1E7A4F7556}") = "AviaSales", "AviaSales\AviaSales.csproj", "{A919AF4C-DFCB-4890-AFE2-9665A69F5676}"
EndProject
Project("{9A19103F-16F7-4668-BE54-9A1E7A4F7556}") = "AviaDB", "AviaDB\AviaDB.csproj", "{524F5001-423E-4268-A359-A6132ED91A9D}"
EndProject
Global
	GlobalSection(SolutionConfigurationPlatforms) = preSolution
		Debug|Any CPU = Debug|Any CPU
		Release|Any CPU = Release|Any CPU
	EndGlobalSection
	GlobalSection(ProjectConfigurationPlatforms) = postSolution
		{A919AF4C-DFCB-4890-AFE2-9665A69F5676}.Debug|Any CPU.ActiveCfg = Debug|Any CPU
		{A919AF4C-DFCB-4890-AFE2-9665A69F5676}.Debug|Any CPU.Build.0 = Debug|Any CPU
		{A919AF4C-DFCB-4890-AFE2-9665A69F5676}.Release|Any CPU.ActiveCfg = Release|Any CPU
		{A919AF4C-DFCB-4890-AFE2-9665A69F5676}.Release|Any CPU.Build.0 = Release|Any CPU
		{524F5001-423E-4268-A359-A6132ED91A9D}.Debug|Any CPU.ActiveCfg = Debug|Any CPU
		{524F5001-423E-4268-A359-A6132ED91A9D}.Debug|Any CPU.Build.0 = Debug|Any CPU
		{524F5001-423E-4268-A359-A6132ED91A9D}.Release|Any CPU.ActiveCfg = Release|Any CPU
		{524F5001-423E-4268-A359-A6132ED91A9D}.Release|Any CPU.Build.0 = Release|Any CPU
	EndGlobalSection
	GlobalSection(SolutionProperties) = preSolution
		HideSolutionNode = FALSE
	EndGlobalSection
	GlobalSection(ExtensibilityGlobals) = postSolution
		SolutionGuid = {A2FD7299-A464-4C35-8FE1-4029296749C7}
	EndGlobalSection
EndGlobal
